PODS:
  - Nimble (7.0.3)
  - PromisedArchitectureKit (0.1.0):
    - PromiseKit (~> 6.0)
  - PromiseKit (6.2.8):
    - PromiseKit/CorePromise (= 6.2.8)
    - PromiseKit/Foundation (= 6.2.8)
    - PromiseKit/UIKit (= 6.2.8)
  - PromiseKit/CorePromise (6.2.8)
  - PromiseKit/Foundation (6.2.8):
    - PromiseKit/CorePromise
  - PromiseKit/UIKit (6.2.8):
    - PromiseKit/CorePromise
  - Quick (1.2.0)

DEPENDENCIES:
  - Nimble (~> 7.0.2)
  - PromisedArchitectureKit (from `../`)
  - Quick (~> 1.2.0)

SPEC REPOS:
  https://github.com/CocoaPods/Specs.git:
    - Nimble
    - PromiseKit
    - Quick

EXTERNAL SOURCES:
  PromisedArchitectureKit:
    :path: "../"

SPEC CHECKSUMS:
  Nimble: 7f5a9c447a33002645a071bddafbfb24ea70e0ac
  PromisedArchitectureKit: 98967be651034a369d6b03fe460fe55b050eeabf
  PromiseKit: 6788ce1a0ed5448b83d4aaf56b9fc49fb7647d32
  Quick: 58d203b1c5e27fff7229c4c1ae445ad7069a7a08

PODFILE CHECKSUM: 26387c6b384b6732b0a5f2d9eeffc163cb85c390

COCOAPODS: 1.5.0
